
Microsoft Visual Studio Solution File, Format Version 12.00
# Visual Studio Version 17
VisualStudioVersion = 17.2.32505.173
MinimumVisualStudioVersion = 10.0.40219.1
Project("{2150E333-8FDC-42A3-9474-1A3956D46DE8}") = "src", "src", "{86B8167A-D1BC-422F-ACC8-BE06B3E39476}"
EndProject
Project("{9A19103F-16F7-4668-BE54-9A1E7A4F7556}") = "ItemsAdministration.Application.Abstractions", "src\Application.Abstractions\ItemsAdministration.Application.Abstractions.csproj", "{88E9640F-6FF8-49CD-8E08-C046A9082153}"
EndProject
Project("{9A19103F-16F7-4668-BE54-9A1E7A4F7556}") = "ItemsAdministration.Domain", "src\Domain\ItemsAdministration.Domain.csproj", "{15B5DE87-3F21-4903-A7CB-B7FAB6DD05F4}"
EndProject
Project("{9A19103F-16F7-4668-BE54-9A1E7A4F7556}") = "ItemsAdministration.Infrastructure.Api", "src\Infrastructure.Api\ItemsAdministration.Infrastructure.Api.csproj", "{EB5B8034-8395-4E81-B715-94BFE1220785}"
EndProject
Project("{9A19103F-16F7-4668-BE54-9A1E7A4F7556}") = "ItemsAdministration.Infrastructure.EF.PostgreSql", "src\Infrastructure.EF.PostgreSql\ItemsAdministration.Infrastructure.EF.PostgreSql.csproj", "{8BBE2E79-858E-4FCB-91E7-E716BF1D8522}"
EndProject
Project("{9A19103F-16F7-4668-BE54-9A1E7A4F7556}") = "ItemsAdministration.Infrastructure.ReadModel", "src\Infrastructure.ReadModel\ItemsAdministration.Infrastructure.ReadModel.csproj", "{71E3216A-C811-456E-AF69-BEE17398557A}"
EndProject
Project("{9A19103F-16F7-4668-BE54-9A1E7A4F7556}") = "ItemsAdministration.PublishedLanguage", "src\PublishedLanguage\ItemsAdministration.PublishedLanguage.csproj", "{6E1AE648-8B66-4A43-A83F-BFF58BDB648D}"
EndProject
Project("{9A19103F-16F7-4668-BE54-9A1E7A4F7556}") = "ItemsAdministration.WebHost", "src\WebHost\ItemsAdministration.WebHost.csproj", "{B9629AE4-A085-44D8-AD4E-E0625C0B0732}"
EndProject
Project("{2150E333-8FDC-42A3-9474-1A3956D46DE8}") = "common", "common", "{016F5EDC-C754-4A6A-897D-46257A52BE0D}"
EndProject
Project("{9A19103F-16F7-4668-BE54-9A1E7A4F7556}") = "ItemsAdministration.Common.Infrastructure.ReadModel.Dapper", "common\Infrastructure.ReadModel.Dapper\ItemsAdministration.Common.Infrastructure.ReadModel.Dapper.csproj", "{726D1657-2403-475D-BF3A-29BAEE5F8EDA}"
EndProject
Project("{9A19103F-16F7-4668-BE54-9A1E7A4F7556}") = "ItemsAdministration.Common.Infrastructure.ReadModel", "common\Infrastructure.ReadModel\ItemsAdministration.Common.Infrastructure.ReadModel.csproj", "{89E662CC-072B-4D96-ABB8-16B19CF89B83}"
EndProject
Project("{9A19103F-16F7-4668-BE54-9A1E7A4F7556}") = "ItemsAdministration.Common.Infrastructure.Hosting", "common\Infrastructure.Hosting\ItemsAdministration.Common.Infrastructure.Hosting.csproj", "{BCB817B4-BAC4-44EB-8D08-A0E0C884347F}"
EndProject
Project("{9A19103F-16F7-4668-BE54-9A1E7A4F7556}") = "ItemsAdministration.Common.Infrastructure.EF", "common\Infrastructure.EF\ItemsAdministration.Common.Infrastructure.EF.csproj", "{C82CAF38-15C0-4F26-A566-72E3B4B7BCF7}"
EndProject
Project("{9A19103F-16F7-4668-BE54-9A1E7A4F7556}") = "ItemsAdministration.Common.Infrastructure", "common\Infrastructure\ItemsAdministration.Common.Infrastructure.csproj", "{81265A65-95AE-4E94-B68C-A2DE534B4414}"
EndProject
Project("{9A19103F-16F7-4668-BE54-9A1E7A4F7556}") = "ItemsAdministration.Common.Domain", "common\Domain\ItemsAdministration.Common.Domain.csproj", "{90FEE19B-606F-4341-BC51-152F043AF73D}"
EndProject
Project("{9A19103F-16F7-4668-BE54-9A1E7A4F7556}") = "ItemsAdministration.Common.Application.Abstractions", "common\Application.Abstractions\ItemsAdministration.Common.Application.Abstractions.csproj", "{50F65148-34B8-4365-B9BA-B5FC7AFFE5E7}"
EndProject
Project("{9A19103F-16F7-4668-BE54-9A1E7A4F7556}") = "ItemsAdministration.Application", "src\Application\ItemsAdministration.Application.csproj", "{BD99C9A1-FDC4-4AD2-B052-C3AA453254B2}"
EndProject
Project("{9A19103F-16F7-4668-BE54-9A1E7A4F7556}") = "ItemsAdministration.Common.Shared", "common\Shared\ItemsAdministration.Common.Shared.csproj", "{C8638771-52DF-4C16-93B5-AEB8DDC731F5}"
EndProject
Global
	GlobalSection(SolutionConfigurationPlatforms) = preSolution
		Debug|Any CPU = Debug|Any CPU
		Release|Any CPU = Release|Any CPU
	EndGlobalSection
	GlobalSection(ProjectConfigurationPlatforms) = postSolution
		{88E9640F-6FF8-49CD-8E08-C046A9082153}.Debug|Any CPU.ActiveCfg = Debug|Any CPU
		{88E9640F-6FF8-49CD-8E08-C046A9082153}.Debug|Any CPU.Build.0 = Debug|Any CPU
		{88E9640F-6FF8-49CD-8E08-C046A9082153}.Release|Any CPU.ActiveCfg = Release|Any CPU
		{88E9640F-6FF8-49CD-8E08-C046A9082153}.Release|Any CPU.Build.0 = Release|Any CPU
		{15B5DE87-3F21-4903-A7CB-B7FAB6DD05F4}.Debug|Any CPU.ActiveCfg = Debug|Any CPU
		{15B5DE87-3F21-4903-A7CB-B7FAB6DD05F4}.Debug|Any CPU.Build.0 = Debug|Any CPU
		{15B5DE87-3F21-4903-A7CB-B7FAB6DD05F4}.Release|Any CPU.ActiveCfg = Release|Any CPU
		{15B5DE87-3F21-4903-A7CB-B7FAB6DD05F4}.Release|Any CPU.Build.0 = Release|Any CPU
		{EB5B8034-8395-4E81-B715-94BFE1220785}.Debug|Any CPU.ActiveCfg = Debug|Any CPU
		{EB5B8034-8395-4E81-B715-94BFE1220785}.Debug|Any CPU.Build.0 = Debug|Any CPU
		{EB5B8034-8395-4E81-B715-94BFE1220785}.Release|Any CPU.ActiveCfg = Release|Any CPU
		{EB5B8034-8395-4E81-B715-94BFE1220785}.Release|Any CPU.Build.0 = Release|Any CPU
		{8BBE2E79-858E-4FCB-91E7-E716BF1D8522}.Debug|Any CPU.ActiveCfg = Debug|Any CPU
		{8BBE2E79-858E-4FCB-91E7-E716BF1D8522}.Debug|Any CPU.Build.0 = Debug|Any CPU
		{8BBE2E79-858E-4FCB-91E7-E716BF1D8522}.Release|Any CPU.ActiveCfg = Release|Any CPU
		{8BBE2E79-858E-4FCB-91E7-E716BF1D8522}.Release|Any CPU.Build.0 = Release|Any CPU
		{71E3216A-C811-456E-AF69-BEE17398557A}.Debug|Any CPU.ActiveCfg = Debug|Any CPU
		{71E3216A-C811-456E-AF69-BEE17398557A}.Debug|Any CPU.Build.0 = Debug|Any CPU
		{71E3216A-C811-456E-AF69-BEE17398557A}.Release|Any CPU.ActiveCfg = Release|Any CPU
		{71E3216A-C811-456E-AF69-BEE17398557A}.Release|Any CPU.Build.0 = Release|Any CPU
		{6E1AE648-8B66-4A43-A83F-BFF58BDB648D}.Debug|Any CPU.ActiveCfg = Debug|Any CPU
		{6E1AE648-8B66-4A43-A83F-BFF58BDB648D}.Debug|Any CPU.Build.0 = Debug|Any CPU
		{6E1AE648-8B66-4A43-A83F-BFF58BDB648D}.Release|Any CPU.ActiveCfg = Release|Any CPU
		{6E1AE648-8B66-4A43-A83F-BFF58BDB648D}.Release|Any CPU.Build.0 = Release|Any CPU
		{B9629AE4-A085-44D8-AD4E-E0625C0B0732}.Debug|Any CPU.ActiveCfg = Debug|Any CPU
		{B9629AE4-A085-44D8-AD4E-E0625C0B0732}.Debug|Any CPU.Build.0 = Debug|Any CPU
		{B9629AE4-A085-44D8-AD4E-E0625C0B0732}.Release|Any CPU.ActiveCfg = Release|Any CPU
		{B9629AE4-A085-44D8-AD4E-E0625C0B0732}.Release|Any CPU.Build.0 = Release|Any CPU
		{726D1657-2403-475D-BF3A-29BAEE5F8EDA}.Debug|Any CPU.ActiveCfg = Debug|Any CPU
		{726D1657-2403-475D-BF3A-29BAEE5F8EDA}.Debug|Any CPU.Build.0 = Debug|Any CPU
		{726D1657-2403-475D-BF3A-29BAEE5F8EDA}.Release|Any CPU.ActiveCfg = Release|Any CPU
		{726D1657-2403-475D-BF3A-29BAEE5F8EDA}.Release|Any CPU.Build.0 = Release|Any CPU
		{89E662CC-072B-4D96-ABB8-16B19CF89B83}.Debug|Any CPU.ActiveCfg = Debug|Any CPU
		{89E662CC-072B-4D96-ABB8-16B19CF89B83}.Debug|Any CPU.Build.0 = Debug|Any CPU
		{89E662CC-072B-4D96-ABB8-16B19CF89B83}.Release|Any CPU.ActiveCfg = Release|Any CPU
		{89E662CC-072B-4D96-ABB8-16B19CF89B83}.Release|Any CPU.Build.0 = Release|Any CPU
		{BCB817B4-BAC4-44EB-8D08-A0E0C884347F}.Debug|Any CPU.ActiveCfg = Debug|Any CPU
		{BCB817B4-BAC4-44EB-8D08-A0E0C884347F}.Debug|Any CPU.Build.0 = Debug|Any CPU
		{BCB817B4-BAC4-44EB-8D08-A0E0C884347F}.Release|Any CPU.ActiveCfg = Release|Any CPU
		{BCB817B4-BAC4-44EB-8D08-A0E0C884347F}.Release|Any CPU.Build.0 = Release|Any CPU
		{C82CAF38-15C0-4F26-A566-72E3B4B7BCF7}.Debug|Any CPU.ActiveCfg = Debug|Any CPU
		{C82CAF38-15C0-4F26-A566-72E3B4B7BCF7}.Debug|Any CPU.Build.0 = Debug|Any CPU
		{C82CAF38-15C0-4F26-A566-72E3B4B7BCF7}.Release|Any CPU.ActiveCfg = Release|Any CPU
		{C82CAF38-15C0-4F26-A566-72E3B4B7BCF7}.Release|Any CPU.Build.0 = Release|Any CPU
		{81265A65-95AE-4E94-B68C-A2DE534B4414}.Debug|Any CPU.ActiveCfg = Debug|Any CPU
		{81265A65-95AE-4E94-B68C-A2DE534B4414}.Debug|Any CPU.Build.0 = Debug|Any CPU
		{81265A65-95AE-4E94-B68C-A2DE534B4414}.Release|Any CPU.ActiveCfg = Release|Any CPU
		{81265A65-95AE-4E94-B68C-A2DE534B4414}.Release|Any CPU.Build.0 = Release|Any CPU
		{90FEE19B-606F-4341-BC51-152F043AF73D}.Debug|Any CPU.ActiveCfg = Debug|Any CPU
		{90FEE19B-606F-4341-BC51-152F043AF73D}.Debug|Any CPU.Build.0 = Debug|Any CPU
		{90FEE19B-606F-4341-BC51-152F043AF73D}.Release|Any CPU.ActiveCfg = Release|Any CPU
		{90FEE19B-606F-4341-BC51-152F043AF73D}.Release|Any CPU.Build.0 = Release|Any CPU
		{50F65148-34B8-4365-B9BA-B5FC7AFFE5E7}.Debug|Any CPU.ActiveCfg = Debug|Any CPU
		{50F65148-34B8-4365-B9BA-B5FC7AFFE5E7}.Debug|Any CPU.Build.0 = Debug|Any CPU
		{50F65148-34B8-4365-B9BA-B5FC7AFFE5E7}.Release|Any CPU.ActiveCfg = Release|Any CPU
		{50F65148-34B8-4365-B9BA-B5FC7AFFE5E7}.Release|Any CPU.Build.0 = Release|Any CPU
		{BD99C9A1-FDC4-4AD2-B052-C3AA453254B2}.Debug|Any CPU.ActiveCfg = Debug|Any CPU
		{BD99C9A1-FDC4-4AD2-B052-C3AA453254B2}.Debug|Any CPU.Build.0 = Debug|Any CPU
		{BD99C9A1-FDC4-4AD2-B052-C3AA453254B2}.Release|Any CPU.ActiveCfg = Release|Any CPU
		{BD99C9A1-FDC4-4AD2-B052-C3AA453254B2}.Release|Any CPU.Build.0 = Release|Any CPU
		{C8638771-52DF-4C16-93B5-AEB8DDC731F5}.Debug|Any CPU.ActiveCfg = Debug|Any CPU
		{C8638771-52DF-4C16-93B5-AEB8DDC731F5}.Debug|Any CPU.Build.0 = Debug|Any CPU
		{C8638771-52DF-4C16-93B5-AEB8DDC731F5}.Release|Any CPU.ActiveCfg = Release|Any CPU
		{C8638771-52DF-4C16-93B5-AEB8DDC731F5}.Release|Any CPU.Build.0 = Release|Any CPU
	EndGlobalSection
	GlobalSection(SolutionProperties) = preSolution
		HideSolutionNode = FALSE
	EndGlobalSection
	GlobalSection(NestedProjects) = preSolution
		{88E9640F-6FF8-49CD-8E08-C046A9082153} = {86B8167A-D1BC-422F-ACC8-BE06B3E39476}
		{15B5DE87-3F21-4903-A7CB-B7FAB6DD05F4} = {86B8167A-D1BC-422F-ACC8-BE06B3E39476}
		{EB5B8034-8395-4E81-B715-94BFE1220785} = {86B8167A-D1BC-422F-ACC8-BE06B3E39476}
		{8BBE2E79-858E-4FCB-91E7-E716BF1D8522} = {86B8167A-D1BC-422F-ACC8-BE06B3E39476}
		{71E3216A-C811-456E-AF69-BEE17398557A} = {86B8167A-D1BC-422F-ACC8-BE06B3E39476}
		{6E1AE648-8B66-4A43-A83F-BFF58BDB648D} = {86B8167A-D1BC-422F-ACC8-BE06B3E39476}
		{B9629AE4-A085-44D8-AD4E-E0625C0B0732} = {86B8167A-D1BC-422F-ACC8-BE06B3E39476}
		{726D1657-2403-475D-BF3A-29BAEE5F8EDA} = {016F5EDC-C754-4A6A-897D-46257A52BE0D}
		{89E662CC-072B-4D96-ABB8-16B19CF89B83} = {016F5EDC-C754-4A6A-897D-46257A52BE0D}
		{BCB817B4-BAC4-44EB-8D08-A0E0C884347F} = {016F5EDC-C754-4A6A-897D-46257A52BE0D}
		{C82CAF38-15C0-4F26-A566-72E3B4B7BCF7} = {016F5EDC-C754-4A6A-897D-46257A52BE0D}
		{81265A65-95AE-4E94-B68C-A2DE534B4414} = {016F5EDC-C754-4A6A-897D-46257A52BE0D}
		{90FEE19B-606F-4341-BC51-152F043AF73D} = {016F5EDC-C754-4A6A-897D-46257A52BE0D}
		{50F65148-34B8-4365-B9BA-B5FC7AFFE5E7} = {016F5EDC-C754-4A6A-897D-46257A52BE0D}
		{BD99C9A1-FDC4-4AD2-B052-C3AA453254B2} = {86B8167A-D1BC-422F-ACC8-BE06B3E39476}
		{C8638771-52DF-4C16-93B5-AEB8DDC731F5} = {016F5EDC-C754-4A6A-897D-46257A52BE0D}
	EndGlobalSection
	GlobalSection(ExtensibilityGlobals) = postSolution
		SolutionGuid = {131B3B94-77FF-42C3-8D5B-D39ED7F6EA81}
	EndGlobalSection
EndGlobal
